// !$*UTF8*$!
{
	archiveVersion = 1;
	classes = {
	};
	objectVersion = 55;
	objects = {

/* Begin PBXBuildFile section */
		361F24EF2972AE710053B039 /* Launch Screen.storyboard in Resources */ = {isa = PBXBuildFile; fileRef = 361F24EE2972AE710053B039 /* Launch Screen.storyboard */; };
		3666B64829708D06009C9A30 /* Assets.xcassets in Resources */ = {isa = PBXBuildFile; fileRef = 3666B64729708D06009C9A30 /* Assets.xcassets */; };
		3666B64B29708D06009C9A30 /* Preview Assets.xcassets in Resources */ = {isa = PBXBuildFile; fileRef = 3666B64A29708D06009C9A30 /* Preview Assets.xcassets */; };
		3666B65629708D89009C9A30 /* ContentView.swift in Sources */ = {isa = PBXBuildFile; fileRef = 3666B65229708D89009C9A30 /* ContentView.swift */; };
		3666B65729708D89009C9A30 /* Settings.swift in Sources */ = {isa = PBXBuildFile; fileRef = 3666B65329708D89009C9A30 /* Settings.swift */; };
		3666B65929708D89009C9A30 /* SpeechCore.swift in Sources */ = {isa = PBXBuildFile; fileRef = 3666B65529708D89009C9A30 /* SpeechCore.swift */; };
		3666B65C29719CA8009C9A30 /* ProgressView_Polyfill.swift in Sources */ = {isa = PBXBuildFile; fileRef = 3666B65B29719CA8009C9A30 /* ProgressView_Polyfill.swift */; };
		3666B6782971A103009C9A30 /* MyApp.swift in Sources */ = {isa = PBXBuildFile; fileRef = 3666B6772971A103009C9A30 /* MyApp.swift */; };
		3697E484297545C200EE042B /* ScrollViewProxy in Frameworks */ = {isa = PBXBuildFile; productRef = 3697E483297545C200EE042B /* ScrollViewProxy */; };
/* End PBXBuildFile section */

/* Begin PBXFileReference section */
		361F24EE2972AE710053B039 /* Launch Screen.storyboard */ = {isa = PBXFileReference; lastKnownFileType = file.storyboard; path = "Launch Screen.storyboard"; sourceTree = "<group>"; };
		3666B64029708D04009C9A30 /* OpenSpoken.app */ = {isa = PBXFileReference; explicitFileType = wrapper.application; includeInIndex = 0; path = OpenSpoken.app; sourceTree = BUILT_PRODUCTS_DIR; };
		3666B64729708D06009C9A30 /* Assets.xcassets */ = {isa = PBXFileReference; lastKnownFileType = folder.assetcatalog; path = Assets.xcassets; sourceTree = "<group>"; };
		3666B64A29708D06009C9A30 /* Preview Assets.xcassets */ = {isa = PBXFileReference; lastKnownFileType = folder.assetcatalog; path = "Preview Assets.xcassets"; sourceTree = "<group>"; };
		3666B65229708D89009C9A30 /* ContentView.swift */ = {isa = PBXFileReference; fileEncoding = 4; lastKnownFileType = sourcecode.swift; name = ContentView.swift; path = OpenSpokenPlayground.swiftpm/ContentView.swift; sourceTree = SOURCE_ROOT; };
		3666B65329708D89009C9A30 /* Settings.swift */ = {isa = PBXFileReference; fileEncoding = 4; lastKnownFileType = sourcecode.swift; name = Settings.swift; path = OpenSpokenPlayground.swiftpm/Settings.swift; sourceTree = SOURCE_ROOT; };
		3666B65529708D89009C9A30 /* SpeechCore.swift */ = {isa = PBXFileReference; fileEncoding = 4; lastKnownFileType = sourcecode.swift; name = SpeechCore.swift; path = OpenSpokenPlayground.swiftpm/SpeechCore.swift; sourceTree = SOURCE_ROOT; };
		3666B65A29708E81009C9A30 /* OpenSpoken.entitlements */ = {isa = PBXFileReference; lastKnownFileType = text.plist.entitlements; path = OpenSpoken.entitlements; sourceTree = "<group>"; };
		3666B65B29719CA8009C9A30 /* ProgressView_Polyfill.swift */ = {isa = PBXFileReference; fileEncoding = 4; lastKnownFileType = sourcecode.swift; name = ProgressView_Polyfill.swift; path = OpenSpokenPlayground.swiftpm/ProgressView_Polyfill.swift; sourceTree = SOURCE_ROOT; };
		3666B6772971A103009C9A30 /* MyApp.swift */ = {isa = PBXFileReference; lastKnownFileType = sourcecode.swift; path = MyApp.swift; sourceTree = "<group>"; };
/* End PBXFileReference section */

/* Begin PBXFrameworksBuildPhase section */
		3666B63D29708D04009C9A30 /* Frameworks */ = {
			isa = PBXFrameworksBuildPhase;
			buildActionMask = 2147483647;
			files = (
				3697E484297545C200EE042B /* ScrollViewProxy in Frameworks */,
			);
			runOnlyForDeploymentPostprocessing = 0;
		};
/* End PBXFrameworksBuildPhase section */

/* Begin PBXGroup section */
		3666B63729708D04009C9A30 = {
			isa = PBXGroup;
			children = (
				3666B64229708D04009C9A30 /* OpenSpoken */,
				3666B64129708D04009C9A30 /* Products */,
			);
			sourceTree = "<group>";
		};
		3666B64129708D04009C9A30 /* Products */ = {
			isa = PBXGroup;
			children = (
				3666B64029708D04009C9A30 /* OpenSpoken.app */,
			);
			name = Products;
			sourceTree = "<group>";
		};
		3666B64229708D04009C9A30 /* OpenSpoken */ = {
			isa = PBXGroup;
			children = (
				3666B65A29708E81009C9A30 /* OpenSpoken.entitlements */,
				3666B6772971A103009C9A30 /* MyApp.swift */,
				3666B65229708D89009C9A30 /* ContentView.swift */,
				3666B65329708D89009C9A30 /* Settings.swift */,
				3666B65529708D89009C9A30 /* SpeechCore.swift */,
				3666B65B29719CA8009C9A30 /* ProgressView_Polyfill.swift */,
				3666B64729708D06009C9A30 /* Assets.xcassets */,
				3666B64929708D06009C9A30 /* Preview Content */,
				361F24EE2972AE710053B039 /* Launch Screen.storyboard */,
			);
			path = OpenSpoken;
			sourceTree = "<group>";
		};
		3666B64929708D06009C9A30 /* Preview Content */ = {
			isa = PBXGroup;
			children = (
				3666B64A29708D06009C9A30 /* Preview Assets.xcassets */,
			);
			path = "Preview Content";
			sourceTree = "<group>";
		};
/* End PBXGroup section */

/* Begin PBXNativeTarget section */
		3666B63F29708D04009C9A30 /* OpenSpoken */ = {
			isa = PBXNativeTarget;
			buildConfigurationList = 3666B64E29708D06009C9A30 /* Build configuration list for PBXNativeTarget "OpenSpoken" */;
			buildPhases = (
				3666B63C29708D04009C9A30 /* Sources */,
				3666B63D29708D04009C9A30 /* Frameworks */,
				3666B63E29708D04009C9A30 /* Resources */,
			);
			buildRules = (
			);
			dependencies = (
			);
			name = OpenSpoken;
			packageProductDependencies = (
				3697E483297545C200EE042B /* ScrollViewProxy */,
			);
			productName = OpenSpoken;
			productReference = 3666B64029708D04009C9A30 /* OpenSpoken.app */;
			productType = "com.apple.product-type.application";
		};
/* End PBXNativeTarget section */

/* Begin PBXProject section */
		3666B63829708D04009C9A30 /* Project object */ = {
			isa = PBXProject;
			attributes = {
				BuildIndependentTargetsInParallel = 1;
				LastSwiftUpdateCheck = 1340;
				LastUpgradeCheck = 1340;
				TargetAttributes = {
					3666B63F29708D04009C9A30 = {
						CreatedOnToolsVersion = 13.4.1;
						LastSwiftMigration = 1340;
					};
				};
			};
			buildConfigurationList = 3666B63B29708D04009C9A30 /* Build configuration list for PBXProject "OpenSpoken" */;
			compatibilityVersion = "Xcode 13.0";
			developmentRegion = en;
			hasScannedForEncodings = 0;
			knownRegions = (
				en,
				Base,
			);
			mainGroup = 3666B63729708D04009C9A30;
			packageReferences = (
				3697E482297545C200EE042B /* XCRemoteSwiftPackageReference "ScrollViewProxy" */,
			);
			productRefGroup = 3666B64129708D04009C9A30 /* Products */;
			projectDirPath = "";
			projectRoot = "";
			targets = (
				3666B63F29708D04009C9A30 /* OpenSpoken */,
			);
		};
/* End PBXProject section */

/* Begin PBXResourcesBuildPhase section */
		3666B63E29708D04009C9A30 /* Resources */ = {
			isa = PBXResourcesBuildPhase;
			buildActionMask = 2147483647;
			files = (
				361F24EF2972AE710053B039 /* Launch Screen.storyboard in Resources */,
				3666B64B29708D06009C9A30 /* Preview Assets.xcassets in Resources */,
				3666B64829708D06009C9A30 /* Assets.xcassets in Resources */,
			);
			runOnlyForDeploymentPostprocessing = 0;
		};
/* End PBXResourcesBuildPhase section */

/* Begin PBXSourcesBuildPhase section */
		3666B63C29708D04009C9A30 /* Sources */ = {
			isa = PBXSourcesBuildPhase;
			buildActionMask = 2147483647;
			files = (
				3666B65929708D89009C9A30 /* SpeechCore.swift in Sources */,
				3666B65729708D89009C9A30 /* Settings.swift in Sources */,
				3666B65C29719CA8009C9A30 /* ProgressView_Polyfill.swift in Sources */,
				3666B65629708D89009C9A30 /* ContentView.swift in Sources */,
				3666B6782971A103009C9A30 /* MyApp.swift in Sources */,
			);
			runOnlyForDeploymentPostprocessing = 0;
		};
/* End PBXSourcesBuildPhase section */

/* Begin XCBuildConfiguration section */
		3666B64C29708D06009C9A30 /* Debug */ = {
			isa = XCBuildConfiguration;
			buildSettings = {
				ALWAYS_SEARCH_USER_PATHS = NO;
				CLANG_ANALYZER_NONNULL = YES;
				CLANG_ANALYZER_NUMBER_OBJECT_CONVERSION = YES_AGGRESSIVE;
				CLANG_CXX_LANGUAGE_STANDARD = "gnu++17";
				CLANG_ENABLE_MODULES = YES;
				CLANG_ENABLE_OBJC_ARC = YES;
				CLANG_ENABLE_OBJC_WEAK = YES;
				CLANG_WARN_BLOCK_CAPTURE_AUTORELEASING = YES;
				CLANG_WARN_BOOL_CONVERSION = YES;
				CLANG_WARN_COMMA = YES;
				CLANG_WARN_CONSTANT_CONVERSION = YES;
				CLANG_WARN_DEPRECATED_OBJC_IMPLEMENTATIONS = YES;
				CLANG_WARN_DIRECT_OBJC_ISA_USAGE = YES_ERROR;
				CLANG_WARN_DOCUMENTATION_COMMENTS = YES;
				CLANG_WARN_EMPTY_BODY = YES;
				CLANG_WARN_ENUM_CONVERSION = YES;
				CLANG_WARN_INFINITE_RECURSION = YES;
				CLANG_WARN_INT_CONVERSION = YES;
				CLANG_WARN_NON_LITERAL_NULL_CONVERSION = YES;
				CLANG_WARN_OBJC_IMPLICIT_RETAIN_SELF = YES;
				CLANG_WARN_OBJC_LITERAL_CONVERSION = YES;
				CLANG_WARN_OBJC_ROOT_CLASS = YES_ERROR;
				CLANG_WARN_QUOTED_INCLUDE_IN_FRAMEWORK_HEADER = YES;
				CLANG_WARN_RANGE_LOOP_ANALYSIS = YES;
				CLANG_WARN_STRICT_PROTOTYPES = YES;
				CLANG_WARN_SUSPICIOUS_MOVE = YES;
				CLANG_WARN_UNGUARDED_AVAILABILITY = YES_AGGRESSIVE;
				CLANG_WARN_UNREACHABLE_CODE = YES;
				CLANG_WARN__DUPLICATE_METHOD_MATCH = YES;
				COPY_PHASE_STRIP = NO;
				DEBUG_INFORMATION_FORMAT = dwarf;
				ENABLE_STRICT_OBJC_MSGSEND = YES;
				ENABLE_TESTABILITY = YES;
				GCC_C_LANGUAGE_STANDARD = gnu11;
				GCC_DYNAMIC_NO_PIC = NO;
				GCC_NO_COMMON_BLOCKS = YES;
				GCC_OPTIMIZATION_LEVEL = 0;
				GCC_PREPROCESSOR_DEFINITIONS = (
					"DEBUG=1",
					"$(inherited)",
				);
				GCC_WARN_64_TO_32_BIT_CONVERSION = YES;
				GCC_WARN_ABOUT_RETURN_TYPE = YES_ERROR;
				GCC_WARN_UNDECLARED_SELECTOR = YES;
				GCC_WARN_UNINITIALIZED_AUTOS = YES_AGGRESSIVE;
				GCC_WARN_UNUSED_FUNCTION = YES;
				GCC_WARN_UNUSED_VARIABLE = YES;
				INFOPLIST_KEY_LSApplicationCategoryType = "public.app-category.utilities";
				INFOPLIST_KEY_UIApplicationSceneManifest_Generation = NO;
				IPHONEOS_DEPLOYMENT_TARGET = 13.0;
				MACOSX_DEPLOYMENT_TARGET = 11.0;
				MTL_ENABLE_DEBUG_INFO = INCLUDE_SOURCE;
				MTL_FAST_MATH = YES;
				ONLY_ACTIVE_ARCH = YES;
				SDKROOT = iphoneos;
				SWIFT_ACTIVE_COMPILATION_CONDITIONS = DEBUG;
				SWIFT_OPTIMIZATION_LEVEL = "-Onone";
			};
			name = Debug;
		};
		3666B64D29708D06009C9A30 /* Release */ = {
			isa = XCBuildConfiguration;
			buildSettings = {
				ALWAYS_SEARCH_USER_PATHS = NO;
				CLANG_ANALYZER_NONNULL = YES;
				CLANG_ANALYZER_NUMBER_OBJECT_CONVERSION = YES_AGGRESSIVE;
				CLANG_CXX_LANGUAGE_STANDARD = "gnu++17";
				CLANG_ENABLE_MODULES = YES;
				CLANG_ENABLE_OBJC_ARC = YES;
				CLANG_ENABLE_OBJC_WEAK = YES;
				CLANG_WARN_BLOCK_CAPTURE_AUTORELEASING = YES;
				CLANG_WARN_BOOL_CONVERSION = YES;
				CLANG_WARN_COMMA = YES;
				CLANG_WARN_CONSTANT_CONVERSION = YES;
				CLANG_WARN_DEPRECATED_OBJC_IMPLEMENTATIONS = YES;
				CLANG_WARN_DIRECT_OBJC_ISA_USAGE = YES_ERROR;
				CLANG_WARN_DOCUMENTATION_COMMENTS = YES;
				CLANG_WARN_EMPTY_BODY = YES;
				CLANG_WARN_ENUM_CONVERSION = YES;
				CLANG_WARN_INFINITE_RECURSION = YES;
				CLANG_WARN_INT_CONVERSION = YES;
				CLANG_WARN_NON_LITERAL_NULL_CONVERSION = YES;
				CLANG_WARN_OBJC_IMPLICIT_RETAIN_SELF = YES;
				CLANG_WARN_OBJC_LITERAL_CONVERSION = YES;
				CLANG_WARN_OBJC_ROOT_CLASS = YES_ERROR;
				CLANG_WARN_QUOTED_INCLUDE_IN_FRAMEWORK_HEADER = YES;
				CLANG_WARN_RANGE_LOOP_ANALYSIS = YES;
				CLANG_WARN_STRICT_PROTOTYPES = YES;
				CLANG_WARN_SUSPICIOUS_MOVE = YES;
				CLANG_WARN_UNGUARDED_AVAILABILITY = YES_AGGRESSIVE;
				CLANG_WARN_UNREACHABLE_CODE = YES;
				CLANG_WARN__DUPLICATE_METHOD_MATCH = YES;
				COPY_PHASE_STRIP = NO;
				DEBUG_INFORMATION_FORMAT = "dwarf-with-dsym";
				ENABLE_NS_ASSERTIONS = NO;
				ENABLE_STRICT_OBJC_MSGSEND = YES;
				GCC_C_LANGUAGE_STANDARD = gnu11;
				GCC_NO_COMMON_BLOCKS = YES;
				GCC_WARN_64_TO_32_BIT_CONVERSION = YES;
				GCC_WARN_ABOUT_RETURN_TYPE = YES_ERROR;
				GCC_WARN_UNDECLARED_SELECTOR = YES;
				GCC_WARN_UNINITIALIZED_AUTOS = YES_AGGRESSIVE;
				GCC_WARN_UNUSED_FUNCTION = YES;
				GCC_WARN_UNUSED_VARIABLE = YES;
				INFOPLIST_KEY_LSApplicationCategoryType = "public.app-category.utilities";
				INFOPLIST_KEY_UIApplicationSceneManifest_Generation = NO;
				IPHONEOS_DEPLOYMENT_TARGET = 13.0;
				MACOSX_DEPLOYMENT_TARGET = 11.0;
				MTL_ENABLE_DEBUG_INFO = NO;
				MTL_FAST_MATH = YES;
				SDKROOT = iphoneos;
				SWIFT_COMPILATION_MODE = wholemodule;
				SWIFT_OPTIMIZATION_LEVEL = "-O";
				VALIDATE_PRODUCT = YES;
			};
			name = Release;
		};
		3666B64F29708D06009C9A30 /* Debug */ = {
			isa = XCBuildConfiguration;
			buildSettings = {
				ASSETCATALOG_COMPILER_APPICON_NAME = AppIcon;
				ASSETCATALOG_COMPILER_GLOBAL_ACCENT_COLOR_NAME = AccentColor;
				CLANG_ENABLE_MODULES = YES;
				CODE_SIGN_ENTITLEMENTS = OpenSpoken/OpenSpoken.entitlements;
				CODE_SIGN_STYLE = Automatic;
				CURRENT_PROJECT_VERSION = 1;
				DEVELOPMENT_ASSET_PATHS = "\"OpenSpoken/Preview Content\"";
				DEVELOPMENT_TEAM = 7P7G2A8U54;
				ENABLE_PREVIEWS = YES;
				GENERATE_INFOPLIST_FILE = YES;
				INFOPLIST_FILE = OpenSpoken/Info.plist;
				INFOPLIST_KEY_LSApplicationCategoryType = "public.app-category.utilities";
				INFOPLIST_KEY_NSMicrophoneUsageDescription = "OpenSpoken uses microphone input to transcribe and visualize audio as text.";
				INFOPLIST_KEY_NSSpeechRecognitionUsageDescription = "OpenSpoken uses built-in speech recognition to transcribe audio.";
				INFOPLIST_KEY_UIApplicationSceneManifest_Generation = YES;
				INFOPLIST_KEY_UIApplicationSupportsIndirectInputEvents = YES;
				INFOPLIST_KEY_UILaunchStoryboardName = "Launch Screen";
				INFOPLIST_KEY_UISupportedInterfaceOrientations_iPad = "UIInterfaceOrientationPortrait UIInterfaceOrientationPortraitUpsideDown UIInterfaceOrientationLandscapeLeft UIInterfaceOrientationLandscapeRight";
				INFOPLIST_KEY_UISupportedInterfaceOrientations_iPhone = "UIInterfaceOrientationPortrait UIInterfaceOrientationLandscapeLeft UIInterfaceOrientationLandscapeRight";
				"IPHONEOS_DEPLOYMENT_TARGET[sdk=macosx*]" = 14.2;
				LD_RUNPATH_SEARCH_PATHS = (
					"$(inherited)",
					"@executable_path/Frameworks",
				);
				MARKETING_VERSION = 1.0;
				PRODUCT_BUNDLE_IDENTIFIER = com.talaviram.OpenSpoken;
				PRODUCT_NAME = "$(TARGET_NAME)";
				SUPPORTED_PLATFORMS = "iphoneos iphonesimulator";
				SUPPORTS_MACCATALYST = YES;
				SUPPORTS_MAC_DESIGNED_FOR_IPHONE_IPAD = NO;
				SWIFT_EMIT_LOC_STRINGS = YES;
				SWIFT_INSTALL_OBJC_HEADER = NO;
				SWIFT_OPTIMIZATION_LEVEL = "-Onone";
				SWIFT_VERSION = 5.0;
				TARGETED_DEVICE_FAMILY = "1,2";
			};
			name = Debug;
		};
		3666B65029708D06009C9A30 /* Release */ = {
			isa = XCBuildConfiguration;
			buildSettings = {
				ASSETCATALOG_COMPILER_APPICON_NAME = AppIcon;
				ASSETCATALOG_COMPILER_GLOBAL_ACCENT_COLOR_NAME = AccentColor;
				CLANG_ENABLE_MODULES = YES;
				CODE_SIGN_ENTITLEMENTS = OpenSpoken/OpenSpoken.entitlements;
				CODE_SIGN_STYLE = Automatic;
				CURRENT_PROJECT_VERSION = 1;
				DEVELOPMENT_ASSET_PATHS = "\"OpenSpoken/Preview Content\"";
				DEVELOPMENT_TEAM = 7P7G2A8U54;
				ENABLE_PREVIEWS = YES;
				GENERATE_INFOPLIST_FILE = YES;
				INFOPLIST_FILE = OpenSpoken/Info.plist;
				INFOPLIST_KEY_LSApplicationCategoryType = "public.app-category.utilities";
				INFOPLIST_KEY_NSMicrophoneUsageDescription = "OpenSpoken uses microphone input to transcribe and visualize audio as text.";
				INFOPLIST_KEY_NSSpeechRecognitionUsageDescription = "OpenSpoken uses built-in speech recognition to transcribe audio.";
				INFOPLIST_KEY_UIApplicationSceneManifest_Generation = YES;
				INFOPLIST_KEY_UIApplicationSupportsIndirectInputEvents = YES;
				INFOPLIST_KEY_UILaunchStoryboardName = "Launch Screen";
				INFOPLIST_KEY_UISupportedInterfaceOrientations_iPad = "UIInterfaceOrientationPortrait UIInterfaceOrientationPortraitUpsideDown UIInterfaceOrientationLandscapeLeft UIInterfaceOrientationLandscapeRight";
				INFOPLIST_KEY_UISupportedInterfaceOrientations_iPhone = "UIInterfaceOrientationPortrait UIInterfaceOrientationLandscapeLeft UIInterfaceOrientationLandscapeRight";
				"IPHONEOS_DEPLOYMENT_TARGET[sdk=macosx*]" = 14.2;
				LD_RUNPATH_SEARCH_PATHS = (
					"$(inherited)",
					"@executable_path/Frameworks",
				);
				MARKETING_VERSION = 1.0;
				PRODUCT_BUNDLE_IDENTIFIER = com.talaviram.OpenSpoken;
				PRODUCT_NAME = "$(TARGET_NAME)";
				SUPPORTED_PLATFORMS = "iphoneos iphonesimulator";
				SUPPORTS_MACCATALYST = YES;
				SUPPORTS_MAC_DESIGNED_FOR_IPHONE_IPAD = NO;
				SWIFT_EMIT_LOC_STRINGS = YES;
				SWIFT_INSTALL_OBJC_HEADER = NO;
				SWIFT_VERSION = 5.0;
				TARGETED_DEVICE_FAMILY = "1,2";
			};
			name = Release;
		};
/* End XCBuildConfiguration section */

/* Begin XCConfigurationList section */
		3666B63B29708D04009C9A30 /* Build configuration list for PBXProject "OpenSpoken" */ = {
			isa = XCConfigurationList;
			buildConfigurations = (
				3666B64C29708D06009C9A30 /* Debug */,
				3666B64D29708D06009C9A30 /* Release */,
			);
			defaultConfigurationIsVisible = 0;
			defaultConfigurationName = Release;
		};
		3666B64E29708D06009C9A30 /* Build configuration list for PBXNativeTarget "OpenSpoken" */ = {
			isa = XCConfigurationList;
			buildConfigurations = (
				3666B64F29708D06009C9A30 /* Debug */,
				3666B65029708D06009C9A30 /* Release */,
			);
			defaultConfigurationIsVisible = 0;
			defaultConfigurationName = Release;
		};
/* End XCConfigurationList section */

/* Begin XCRemoteSwiftPackageReference section */
		3697E482297545C200EE042B /* XCRemoteSwiftPackageReference "ScrollViewProxy" */ = {
			isa = XCRemoteSwiftPackageReference;
			repositoryURL = "https://github.com/Amzd/ScrollViewProxy";
			requirement = {
				kind = upToNextMajorVersion;
				minimumVersion = 1.0.0;
			};
		};
/* End XCRemoteSwiftPackageReference section */

/* Begin XCSwiftPackageProductDependency section */
		3697E483297545C200EE042B /* ScrollViewProxy */ = {
			isa = XCSwiftPackageProductDependency;
			package = 3697E482297545C200EE042B /* XCRemoteSwiftPackageReference "ScrollViewProxy" */;
			productName = ScrollViewProxy;
		};
/* End XCSwiftPackageProductDependency section */
	};
	rootObject = 3666B63829708D04009C9A30 /* Project object */;
}
